{
  "version": 1,
  "dependencies": {
    "net10.0": {
      "Azure.Identity": {
        "type": "Direct",
        "requested": "[1.19.0, )",
        "resolved": "1.19.0",
        "contentHash": "01KY5RC7XHwh3azcZ46GMhVR7ajRsRPFh5ivVuvs7N9nVAYK+9/g2eqXTjBneorm9PTYAUfmHvd1dIdmzBym3w==",
        "dependencies": {
          "Azure.Core": "1.51.1",
          "Microsoft.Identity.Client": "4.83.1",
          "Microsoft.Identity.Client.Extensions.Msal": "4.83.1"
        }
      },
      "Microsoft.Azure.DurableTask.AzureStorage": {
        "type": "Direct",
        "requested": "[2.8.2, )",
        "resolved": "2.8.2",
        "contentHash": "A7LjXnl9n9cIBH1khQf+UDeLGUhbEFx02dUHE8+iPHsLIEnIY811cOHX85jjC7JEJn/BkZC8Xaapz5D1ZfbmDA==",
        "dependencies": {
          "Azure.Data.Tables": "12.11.0",
          "Azure.Storage.Blobs": "12.24.0",
          "Azure.Storage.Queues": "12.22.0",
          "Microsoft.Azure.DurableTask.Core": "3.7.0",
          "Microsoft.Bcl.AsyncInterfaces": "6.0.0",
          "System.Linq.Async": "6.0.1"
        }
      },
      "Microsoft.SourceLink.GitHub": {
        "type": "Direct",
        "requested": "[10.0.201, )",
        "resolved": "10.0.201",
        "contentHash": "qxYAmO4ktzd9L+HMdnqWucxpu7bI9undPyACXOMqPyhaiMtbpbYL/n0ACyWIJlbyEJrXFwxiOaBOSasLtDvsCg==",
        "dependencies": {
          "Microsoft.Build.Tasks.Git": "10.0.201",
          "Microsoft.SourceLink.Common": "10.0.201",
          "System.IO.Hashing": "10.0.5"
        }
      },
      "SonarAnalyzer.CSharp": {
        "type": "Direct",
        "requested": "[10.21.0.135717, )",
        "resolved": "10.21.0.135717",
        "contentHash": "i5awvO2aapfOLXq5v7uvCxLvx+p5H79RhGi2+gPMTDKpw4IBOX3Nw+1fuIcH4ZIzQ7+g5PYJi3fBYHFh0Iz+Fw=="
      },
      "StyleCop.Analyzers.Unstable": {
        "type": "Direct",
        "requested": "[1.2.0.556, )",
        "resolved": "1.2.0.556",
        "contentHash": "zvn9Mqs/ox/83cpYPignI8hJEM2A93s2HkHs8HYMOAQW0PkampyoErAiIyKxgTLqbbad29HX/shv/6LGSjPJNQ=="
      },
      "Azure.Core": {
        "type": "Transitive",
        "resolved": "1.51.1",
        "contentHash": "JRANrRvN5O5FFRh+pMUb8qqWU7jBQ39qXEbVr7Rkb1/s7rqc6RSzVHKGBz5Ro1gDy2WSGjG5YEOJKpPIBiCMcA==",
        "dependencies": {
          "Microsoft.Bcl.AsyncInterfaces": "10.0.2",
          "System.ClientModel": "1.9.0",
          "System.Memory.Data": "10.0.1"
        }
      },
      "Azure.Data.Tables": {
        "type": "Transitive",
        "resolved": "12.11.0",
        "contentHash": "MabH2HegMvZA1ocaMhEfW/idyTa3CoH64s43/V9/KFRGdVqEj0EETvd3ItDe6Bbs2teiR40KE9Kz9NLDc5DJJw==",
        "dependencies": {
          "Azure.Core": "1.44.1"
        }
      },
      "Azure.Storage.Blobs": {
        "type": "Transitive",
        "resolved": "12.24.0",
        "contentHash": "0SWiMtEYcemn5U69BqVPdqGDwcbl+lsF9L3WFPpqk1Db5g+ytr3L3GmUxMbvvdPNuFwTf03kKtWJpW/qW33T8A==",
        "dependencies": {
          "Azure.Storage.Common": "12.23.0"
        }
      },
      "Azure.Storage.Common": {
        "type": "Transitive",
        "resolved": "12.23.0",
        "contentHash": "X/pe1LS3lC6s6MSL7A6FzRfnB6P72rNBt5oSuyan6Q4Jxr+KiN9Ufwqo32YLHOVfPcB8ESZZ4rBDketn+J37Rw==",
        "dependencies": {
          "Azure.Core": "1.44.1",
          "System.IO.Hashing": "6.0.0"
        }
      },
      "Azure.Storage.Queues": {
        "type": "Transitive",
        "resolved": "12.22.0",
        "contentHash": "HPQgOlfH+rJ4CL4V8ePFnsT/KKnvLU35ytxC3fsTTqOazhQ0593C0aPVu258DRN8bQCbx4OpNpjtiO9czDy3VQ==",
        "dependencies": {
          "Azure.Storage.Common": "12.23.0",
          "System.Memory.Data": "6.0.1"
        }
      },
      "Castle.Core": {
        "type": "Transitive",
        "resolved": "5.2.1",
        "contentHash": "wHARzQA695jwwKreOzNsq54KiGqKP38tv8hi8e2FXDEC/sA6BtrX90tVPDkOfVu13PbEzr00TCV8coikl+D1Iw=="
      },
      "Microsoft.Azure.DurableTask.Core": {
        "type": "Transitive",
        "resolved": "3.7.0",
        "contentHash": "sOlJIgWbKFAjY6ld+tHncS5InG/GHEmgoc5HBgzc4tCDBqIHsJbGgrgOvHBDPpHp/DCt53AvlnEWcC2gs9SM8A==",
        "dependencies": {
          "Castle.Core": "5.2.1",
          "Newtonsoft.Json": "13.0.1",
          "System.Reactive.Compatibility": "4.4.1",
          "System.Reactive.Core": "4.4.1"
        }
      },
      "Microsoft.Bcl.AsyncInterfaces": {
        "type": "Transitive",
        "resolved": "10.0.2",
        "contentHash": "qE5JhRoeJbAipLqpUCZyNfNwnpAvUttXgIQDnTiJ15d8ji+/bPgoPkB3xLzK5cQTobN2D2ditUesUlDHb7p3Pg=="
      },
      "Microsoft.Build.Tasks.Git": {
        "type": "Transitive",
        "resolved": "10.0.201",
        "contentHash": "DMYBnrFZvLnBKn14VavEuuIr31CY6YY2i2L9P8DorS/Qp6ifRR8ZPLdJCFLFfjikNq8DykbYyLd/RP6lSqHcWw==",
        "dependencies": {
          "System.IO.Hashing": "10.0.5"
        }
      },
      "Microsoft.Identity.Client": {
        "type": "Transitive",
        "resolved": "4.83.1",
        "contentHash": "jOLIrZ3cynoqHLLO1cXplFFabrhrMEYs/EuKHvmCyrOm1axqiVFT6nCSnHxk7w5+d2BeQfCdM12Yf/0X7OeS1g==",
        "dependencies": {
          "Microsoft.IdentityModel.Abstractions": "8.14.0"
        }
      },
      "Microsoft.Identity.Client.Extensions.Msal": {
        "type": "Transitive",
        "resolved": "4.83.1",
        "contentHash": "I3k4J4Hj4KbLEFanjeUzzDOVecukETaTgEkJ7h2pP/Yazs6SLp6TVUTo/Eo+ptPXMwvc+iX7rBFtMSUrA7R+Mg==",
        "dependencies": {
          "Microsoft.Identity.Client": "4.83.1",
          "System.Security.Cryptography.ProtectedData": "4.5.0"
        }
      },
      "Microsoft.IdentityModel.Abstractions": {
        "type": "Transitive",
        "resolved": "8.14.0",
        "contentHash": "iwbCpSjD3ehfTwBhtSNEtKPK0ICun6ov7Ibx6ISNA9bfwIyzI2Siwyi9eJFCJBwxowK9xcA1mj+jBWiigeqgcQ=="
      },
      "Microsoft.SourceLink.Common": {
        "type": "Transitive",
        "resolved": "10.0.201",
        "contentHash": "QbBYhkjgL6rCnBfDbzsAJLlsad13TlBHqYCFDIw56OO2g6ix+9RsmY8uxiQGdWwFKbZXaXyAA6jDCzFYVGCZDw=="
      },
      "Newtonsoft.Json": {
        "type": "Transitive",
        "resolved": "13.0.1",
        "contentHash": "ppPFpBcvxdsfUonNcvITKqLl3bqxWbDCZIzDWHzjpdAHRFfZe0Dw9HmA0+za13IdyrgJwpkDTDA9fHaxOrt20A=="
      },
      "System.ClientModel": {
        "type": "Transitive",
        "resolved": "1.9.0",
        "contentHash": "1wdwKtMMMEFEYsxJmtrOd3G+7zVOVO3MlVZAsbKv9H0PnIx6J27fYAarMn0eQS0vKJPQL018DOb7YRK1O97p0A==",
        "dependencies": {
          "System.Memory.Data": "10.0.1"
        }
      },
      "System.IO.Hashing": {
        "type": "Transitive",
        "resolved": "10.0.5",
        "contentHash": "8IBJWcCT9+e4Bmevm4T7+fQEiAh133KGiz4oiVTgJckd3Q76OFdR1falgn9lpz7+C4HJvogCDJeAa2QmvbeVtg=="
      },
      "System.Linq.Async": {
        "type": "Transitive",
        "resolved": "6.0.1",
        "contentHash": "0YhHcaroWpQ9UCot3Pizah7ryAzQhNvobLMSxeDIGmnXfkQn8u5owvpOH0K6EVB+z9L7u6Cc4W17Br/+jyttEQ==",
        "dependencies": {
          "Microsoft.Bcl.AsyncInterfaces": "6.0.0"
        }
      },
      "System.Memory.Data": {
        "type": "Transitive",
        "resolved": "10.0.1",
        "contentHash": "BZC4mhdL569AXV56ep9YO6ShjhxFXGP7SwVX0Bc/e0dJPWnS6aBEXZJXqh64RVx8HquqWHkJUINBydLRQ1yq0g=="
      },
      "System.Reactive": {
        "type": "Transitive",
        "resolved": "4.4.1",
        "contentHash": "iSTPeWR9HJhGoNV4WhVlvofuiTjpok1i4E3LPgMdbMqf3jKhFlT9HAlO32lb52NLppWC/4dZQFfUzTytvyXBmw=="
      },
      "System.Reactive.Compatibility": {
        "type": "Transitive",
        "resolved": "4.4.1",
        "contentHash": "Ad2/TBOBV0/45pzccpbQj2vo3S85uipF/PfqkbQUnH0vOtBqrXd1eqWtky5YTXq/WIRU1HF62HFSOdXiNC+E4A==",
        "dependencies": {
          "System.Reactive.Core": "4.4.1",
          "System.Reactive.Interfaces": "4.4.1",
          "System.Reactive.Linq": "4.4.1",
          "System.Reactive.PlatformServices": "4.4.1",
          "System.Reactive.Providers": "4.4.1"
        }
      },
      "System.Reactive.Core": {
        "type": "Transitive",
        "resolved": "4.4.1",
        "contentHash": "YQHJOt8hZvwFelIIfs19t8Jhz5P6NS1ZZccbVUuE1LFyoFZjaUecdYIYykgXzpyj5Rl40XC3xkyuuhHRaAln2w==",
        "dependencies": {
          "System.Reactive": "4.4.1"
        }
      },
      "System.Reactive.Interfaces": {
        "type": "Transitive",
        "resolved": "4.4.1",
        "contentHash": "Pk++rL2lxe6yhBEzgc9eJWR57YxYxtAmcz9U0JdKyHEzTLqba3B7MhhYrpN2ToTPVRyJJzxMdPdLieIJvlsACg==",
        "dependencies": {
          "System.Reactive": "4.4.1"
        }
      },
      "System.Reactive.Linq": {
        "type": "Transitive",
        "resolved": "4.4.1",
        "contentHash": "wyOVuUyHmPV667REPwcZjFjOlRLX6qSGVcXMye0qUqBAWFB3bu1RO1XLGWZTnf0d67DQHV69kw7tAtTh+4EYyQ==",
        "dependencies": {
          "System.Reactive": "4.4.1"
        }
      },
      "System.Reactive.PlatformServices": {
        "type": "Transitive",
        "resolved": "4.4.1",
        "contentHash": "jVF40bEwEES1DpDxI8pRcVEkH/TztFCOSToMYIK6TNE5QojsQljfvZd6jaDG4jRZ9hkoMYyUbkeSDYG/1ldPDg==",
        "dependencies": {
          "System.Reactive": "4.4.1"
        }
      },
      "System.Reactive.Providers": {
        "type": "Transitive",
        "resolved": "4.4.1",
        "contentHash": "K9RDgMHsuceX8QTk5ALCgYpexA9qcMsIi4K97Eigqcz9hD6fa4Smrjy8F/m6YdVJZFsBGaZ3uwj+d0loAdMfbA==",
        "dependencies": {
          "System.Reactive": "4.4.1"
        }
      },
      "System.Security.Cryptography.ProtectedData": {
        "type": "Transitive",
        "resolved": "4.5.0",
        "contentHash": "wLBKzFnDCxP12VL9ANydSYhk59fC4cvOr9ypYQLPnAj48NQIhqnjdD2yhP8yEKyBJEjERWS9DisKL7rX5eU25Q=="
      }
    },
    "net8.0": {
      "Azure.Identity": {
        "type": "Direct",
        "requested": "[1.19.0, )",
        "resolved": "1.19.0",
        "contentHash": "01KY5RC7XHwh3azcZ46GMhVR7ajRsRPFh5ivVuvs7N9nVAYK+9/g2eqXTjBneorm9PTYAUfmHvd1dIdmzBym3w==",
        "dependencies": {
          "Azure.Core": "1.51.1",
          "Microsoft.Extensions.Configuration.Abstractions": "10.0.3",
          "Microsoft.Extensions.Hosting.Abstractions": "10.0.3",
          "Microsoft.Identity.Client": "4.83.1",
          "Microsoft.Identity.Client.Extensions.Msal": "4.83.1"
        }
      },
      "Microsoft.Azure.DurableTask.AzureStorage": {
        "type": "Direct",
        "requested": "[2.8.2, )",
        "resolved": "2.8.2",
        "contentHash": "A7LjXnl9n9cIBH1khQf+UDeLGUhbEFx02dUHE8+iPHsLIEnIY811cOHX85jjC7JEJn/BkZC8Xaapz5D1ZfbmDA==",
        "dependencies": {
          "Azure.Data.Tables": "12.11.0",
          "Azure.Storage.Blobs": "12.24.0",
          "Azure.Storage.Queues": "12.22.0",
          "Microsoft.Azure.DurableTask.Core": "3.7.0",
          "Microsoft.Bcl.AsyncInterfaces": "6.0.0",
          "System.Linq.Async": "6.0.1"
        }
      },
      "Microsoft.SourceLink.GitHub": {
        "type": "Direct",
        "requested": "[10.0.201, )",
        "resolved": "10.0.201",
        "contentHash": "qxYAmO4ktzd9L+HMdnqWucxpu7bI9undPyACXOMqPyhaiMtbpbYL/n0ACyWIJlbyEJrXFwxiOaBOSasLtDvsCg==",
        "dependencies": {
          "Microsoft.Build.Tasks.Git": "10.0.201",
          "Microsoft.SourceLink.Common": "10.0.201",
          "System.IO.Hashing": "10.0.5"
        }
      },
      "SonarAnalyzer.CSharp": {
        "type": "Direct",
        "requested": "[10.21.0.135717, )",
        "resolved": "10.21.0.135717",
        "contentHash": "i5awvO2aapfOLXq5v7uvCxLvx+p5H79RhGi2+gPMTDKpw4IBOX3Nw+1fuIcH4ZIzQ7+g5PYJi3fBYHFh0Iz+Fw=="
      },
      "StyleCop.Analyzers.Unstable": {
        "type": "Direct",
        "requested": "[1.2.0.556, )",
        "resolved": "1.2.0.556",
        "contentHash": "zvn9Mqs/ox/83cpYPignI8hJEM2A93s2HkHs8HYMOAQW0PkampyoErAiIyKxgTLqbbad29HX/shv/6LGSjPJNQ=="
      },
      "Azure.Core": {
        "type": "Transitive",
        "resolved": "1.51.1",
        "contentHash": "JRANrRvN5O5FFRh+pMUb8qqWU7jBQ39qXEbVr7Rkb1/s7rqc6RSzVHKGBz5Ro1gDy2WSGjG5YEOJKpPIBiCMcA==",
        "dependencies": {
          "Microsoft.Bcl.AsyncInterfaces": "10.0.2",
          "System.ClientModel": "1.9.0",
          "System.Memory.Data": "10.0.1"
        }
      },
      "Azure.Data.Tables": {
        "type": "Transitive",
        "resolved": "12.11.0",
        "contentHash": "MabH2HegMvZA1ocaMhEfW/idyTa3CoH64s43/V9/KFRGdVqEj0EETvd3ItDe6Bbs2teiR40KE9Kz9NLDc5DJJw==",
        "dependencies": {
          "Azure.Core": "1.44.1"
        }
      },
      "Azure.Storage.Blobs": {
        "type": "Transitive",
        "resolved": "12.24.0",
        "contentHash": "0SWiMtEYcemn5U69BqVPdqGDwcbl+lsF9L3WFPpqk1Db5g+ytr3L3GmUxMbvvdPNuFwTf03kKtWJpW/qW33T8A==",
        "dependencies": {
          "Azure.Storage.Common": "12.23.0"
        }
      },
      "Azure.Storage.Common": {
        "type": "Transitive",
        "resolved": "12.23.0",
        "contentHash": "X/pe1LS3lC6s6MSL7A6FzRfnB6P72rNBt5oSuyan6Q4Jxr+KiN9Ufwqo32YLHOVfPcB8ESZZ4rBDketn+J37Rw==",
        "dependencies": {
          "Azure.Core": "1.44.1",
          "System.IO.Hashing": "6.0.0"
        }
      },
      "Azure.Storage.Queues": {
        "type": "Transitive",
        "resolved": "12.22.0",
        "contentHash": "HPQgOlfH+rJ4CL4V8ePFnsT/KKnvLU35ytxC3fsTTqOazhQ0593C0aPVu258DRN8bQCbx4OpNpjtiO9czDy3VQ==",
        "dependencies": {
          "Azure.Storage.Common": "12.23.0",
          "System.Memory.Data": "6.0.1"
        }
      },
      "Castle.Core": {
        "type": "Transitive",
        "resolved": "5.2.1",
        "contentHash": "wHARzQA695jwwKreOzNsq54KiGqKP38tv8hi8e2FXDEC/sA6BtrX90tVPDkOfVu13PbEzr00TCV8coikl+D1Iw=="
      },
      "Microsoft.Azure.DurableTask.Core": {
        "type": "Transitive",
        "resolved": "3.7.0",
        "contentHash": "sOlJIgWbKFAjY6ld+tHncS5InG/GHEmgoc5HBgzc4tCDBqIHsJbGgrgOvHBDPpHp/DCt53AvlnEWcC2gs9SM8A==",
        "dependencies": {
          "Castle.Core": "5.2.1",
          "Newtonsoft.Json": "13.0.1",
          "System.Reactive.Compatibility": "4.4.1",
          "System.Reactive.Core": "4.4.1"
        }
      },
      "Microsoft.Bcl.AsyncInterfaces": {
        "type": "Transitive",
        "resolved": "10.0.2",
        "contentHash": "qE5JhRoeJbAipLqpUCZyNfNwnpAvUttXgIQDnTiJ15d8ji+/bPgoPkB3xLzK5cQTobN2D2ditUesUlDHb7p3Pg=="
      },
      "Microsoft.Build.Tasks.Git": {
        "type": "Transitive",
        "resolved": "10.0.201",
        "contentHash": "DMYBnrFZvLnBKn14VavEuuIr31CY6YY2i2L9P8DorS/Qp6ifRR8ZPLdJCFLFfjikNq8DykbYyLd/RP6lSqHcWw==",
        "dependencies": {
          "System.IO.Hashing": "10.0.5"
        }
      },
      "Microsoft.Extensions.Configuration.Abstractions": {
        "type": "Transitive",
        "resolved": "10.0.3",
        "contentHash": "xVDHL0+SIgemfh95fTO9cGLe17TWv/ZP0n7m01z8X6pzt2DmQpucioWR/mYZA1sRlkWnkXzfl0JweLNWmE9WMg==",
        "dependencies": {
          "Microsoft.Extensions.Primitives": "10.0.3"
        }
      },
      "Microsoft.Extensions.DependencyInjection.Abstractions": {
        "type": "Transitive",
        "resolved": "10.0.3",
        "contentHash": "bwGMrRcAMWx2s/RDgja97p27rxSz2pEQW0+rX5cWAUWVETVJ/eyxGfjAl8vuG5a+lckWmPIE+vcuaZNVB5YDdw=="
      },
      "Microsoft.Extensions.Diagnostics.Abstractions": {
        "type": "Transitive",
        "resolved": "10.0.3",
        "contentHash": "mQiTzAj7PIJ2A9YXR5QhgulS1fTWhmQc3ckd1Mrf3hKW07d03fBDqx8vVaFw+cRTebDOeB6pNqdWdnRxsi1hBA==",
        "dependencies": {
          "Microsoft.Extensions.DependencyInjection.Abstractions": "10.0.3",
          "Microsoft.Extensions.Options": "10.0.3",
          "System.Diagnostics.DiagnosticSource": "10.0.3"
        }
      },
      "Microsoft.Extensions.FileProviders.Abstractions": {
        "type": "Transitive",
        "resolved": "10.0.3",
        "contentHash": "4TD9AXDRsipTmaemwnjt/DM5Ri0de2JzHQhvZ4woBTjUtL4XrPNsMrOk5oiLJAx1gTrE6pOIhxv+lEde5F6CZA==",
        "dependencies": {
          "Microsoft.Extensions.Primitives": "10.0.3"
        }
      },
      "Microsoft.Extensions.Hosting.Abstractions": {
        "type": "Transitive",
        "resolved": "10.0.3",
        "contentHash": "GdMpC10Jf6poxSvUJ4lgYpJ5F/kJeaAoJmrPufjBoPYyCTKKY5Dyl0rZA+LBNvFqTq1cZa/lhlptlUhNvU6xrg==",
        "dependencies": {
          "Microsoft.Extensions.Configuration.Abstractions": "10.0.3",
          "Microsoft.Extensions.DependencyInjection.Abstractions": "10.0.3",
          "Microsoft.Extensions.Diagnostics.Abstractions": "10.0.3",
          "Microsoft.Extensions.FileProviders.Abstractions": "10.0.3",
          "Microsoft.Extensions.Logging.Abstractions": "10.0.3"
        }
      },
      "Microsoft.Extensions.Logging.Abstractions": {
        "type": "Transitive",
        "resolved": "10.0.3",
        "contentHash": "lxl0WLk7ROgBFAsjcOYjQ8/DVK+VMszxGBzUhgtQmAsTNldLL5pk9NG/cWTsXHq0lUhUEAtZkEE7jOGOA8bGKQ==",
        "dependencies": {
          "Microsoft.Extensions.DependencyInjection.Abstractions": "10.0.3",
          "System.Diagnostics.DiagnosticSource": "10.0.3"
        }
      },
      "Microsoft.Extensions.Options": {
        "type": "Transitive",
        "resolved": "10.0.3",
        "contentHash": "hU6WzGTPvPoLA2ng1ILvWQb3g0qORdlHNsxI8IcPLumJb3suimYUl+bbDzdo1V4KFsvVhnMWzysHpKbZaoDQPQ==",
        "dependencies": {
          "Microsoft.Extensions.DependencyInjection.Abstractions": "10.0.3",
          "Microsoft.Extensions.Primitives": "10.0.3"
        }
      },
      "Microsoft.Extensions.Primitives": {
        "type": "Transitive",
        "resolved": "10.0.3",
        "contentHash": "GEcpTwo7sUoLGGNTqV1FZEuL+tTD9m81NX/mh099dqGNna07/UGZShKQNZRw4hv6nlliSUwYQgSYc7OR99Jufg=="
      },
      "Microsoft.Identity.Client": {
        "type": "Transitive",
        "resolved": "4.83.1",
        "contentHash": "jOLIrZ3cynoqHLLO1cXplFFabrhrMEYs/EuKHvmCyrOm1axqiVFT6nCSnHxk7w5+d2BeQfCdM12Yf/0X7OeS1g==",
        "dependencies": {
          "Microsoft.IdentityModel.Abstractions": "8.14.0"
        }
      },
      "Microsoft.Identity.Client.Extensions.Msal": {
        "type": "Transitive",
        "resolved": "4.83.1",
        "contentHash": "I3k4J4Hj4KbLEFanjeUzzDOVecukETaTgEkJ7h2pP/Yazs6SLp6TVUTo/Eo+ptPXMwvc+iX7rBFtMSUrA7R+Mg==",
        "dependencies": {
          "Microsoft.Identity.Client": "4.83.1",
          "System.Security.Cryptography.ProtectedData": "4.5.0"
        }
      },
      "Microsoft.IdentityModel.Abstractions": {
        "type": "Transitive",
        "resolved": "8.14.0",
        "contentHash": "iwbCpSjD3ehfTwBhtSNEtKPK0ICun6ov7Ibx6ISNA9bfwIyzI2Siwyi9eJFCJBwxowK9xcA1mj+jBWiigeqgcQ=="
      },
      "Microsoft.SourceLink.Common": {
        "type": "Transitive",
        "resolved": "10.0.201",
        "contentHash": "QbBYhkjgL6rCnBfDbzsAJLlsad13TlBHqYCFDIw56OO2g6ix+9RsmY8uxiQGdWwFKbZXaXyAA6jDCzFYVGCZDw=="
      },
      "Newtonsoft.Json": {
        "type": "Transitive",
        "resolved": "13.0.1",
        "contentHash": "ppPFpBcvxdsfUonNcvITKqLl3bqxWbDCZIzDWHzjpdAHRFfZe0Dw9HmA0+za13IdyrgJwpkDTDA9fHaxOrt20A=="
      },
      "System.ClientModel": {
        "type": "Transitive",
        "resolved": "1.9.0",
        "contentHash": "1wdwKtMMMEFEYsxJmtrOd3G+7zVOVO3MlVZAsbKv9H0PnIx6J27fYAarMn0eQS0vKJPQL018DOb7YRK1O97p0A==",
        "dependencies": {
          "Microsoft.Extensions.Configuration.Abstractions": "10.0.2",
          "Microsoft.Extensions.Hosting.Abstractions": "10.0.2",
          "Microsoft.Extensions.Logging.Abstractions": "10.0.2",
          "System.Memory.Data": "10.0.1"
        }
      },
      "System.Diagnostics.DiagnosticSource": {
        "type": "Transitive",
        "resolved": "10.0.3",
        "contentHash": "IuZXyF3K5X+mCsBKIQ87Cn/V4Nyb39vyCbzfH/AkoneSWNV/ExGQ/I0m4CEaVAeFh9fW6kp2NVObkmevd1Ys7A=="
      },
      "System.IO.Hashing": {
        "type": "Transitive",
        "resolved": "10.0.5",
        "contentHash": "8IBJWcCT9+e4Bmevm4T7+fQEiAh133KGiz4oiVTgJckd3Q76OFdR1falgn9lpz7+C4HJvogCDJeAa2QmvbeVtg=="
      },
      "System.IO.Pipelines": {
        "type": "Transitive",
        "resolved": "10.0.1",
        "contentHash": "26LbFXHKd7PmRnWlkjnYgmjd5B6HYVG+1MpTO25BdxTJnx6D0O16JPAC/S4YBqjtt4YpfGj1QO/Ss6SPMGEGQw=="
      },
      "System.Linq.Async": {
        "type": "Transitive",
        "resolved": "6.0.1",
        "contentHash": "0YhHcaroWpQ9UCot3Pizah7ryAzQhNvobLMSxeDIGmnXfkQn8u5owvpOH0K6EVB+z9L7u6Cc4W17Br/+jyttEQ==",
        "dependencies": {
          "Microsoft.Bcl.AsyncInterfaces": "6.0.0"
        }
      },
      "System.Memory.Data": {
        "type": "Transitive",
        "resolved": "10.0.1",
        "contentHash": "BZC4mhdL569AXV56ep9YO6ShjhxFXGP7SwVX0Bc/e0dJPWnS6aBEXZJXqh64RVx8HquqWHkJUINBydLRQ1yq0g==",
        "dependencies": {
          "System.Text.Json": "10.0.1"
        }
      },
      "System.Reactive": {
        "type": "Transitive",
        "resolved": "4.4.1",
        "contentHash": "iSTPeWR9HJhGoNV4WhVlvofuiTjpok1i4E3LPgMdbMqf3jKhFlT9HAlO32lb52NLppWC/4dZQFfUzTytvyXBmw=="
      },
      "System.Reactive.Compatibility": {
        "type": "Transitive",
        "resolved": "4.4.1",
        "contentHash": "Ad2/TBOBV0/45pzccpbQj2vo3S85uipF/PfqkbQUnH0vOtBqrXd1eqWtky5YTXq/WIRU1HF62HFSOdXiNC+E4A==",
        "dependencies": {
          "System.Reactive.Core": "4.4.1",
          "System.Reactive.Interfaces": "4.4.1",
          "System.Reactive.Linq": "4.4.1",
          "System.Reactive.PlatformServices": "4.4.1",
          "System.Reactive.Providers": "4.4.1"
        }
      },
      "System.Reactive.Core": {
        "type": "Transitive",
        "resolved": "4.4.1",
        "contentHash": "YQHJOt8hZvwFelIIfs19t8Jhz5P6NS1ZZccbVUuE1LFyoFZjaUecdYIYykgXzpyj5Rl40XC3xkyuuhHRaAln2w==",
        "dependencies": {
          "System.Reactive": "4.4.1"
        }
      },
      "System.Reactive.Interfaces": {
        "type": "Transitive",
        "resolved": "4.4.1",
        "contentHash": "Pk++rL2lxe6yhBEzgc9eJWR57YxYxtAmcz9U0JdKyHEzTLqba3B7MhhYrpN2ToTPVRyJJzxMdPdLieIJvlsACg==",
        "dependencies": {
          "System.Reactive": "4.4.1"
        }
      },
      "System.Reactive.Linq": {
        "type": "Transitive",
        "resolved": "4.4.1",
        "contentHash": "wyOVuUyHmPV667REPwcZjFjOlRLX6qSGVcXMye0qUqBAWFB3bu1RO1XLGWZTnf0d67DQHV69kw7tAtTh+4EYyQ==",
        "dependencies": {
          "System.Reactive": "4.4.1"
        }
      },
      "System.Reactive.PlatformServices": {
        "type": "Transitive",
        "resolved": "4.4.1",
        "contentHash": "jVF40bEwEES1DpDxI8pRcVEkH/TztFCOSToMYIK6TNE5QojsQljfvZd6jaDG4jRZ9hkoMYyUbkeSDYG/1ldPDg==",
        "dependencies": {
          "System.Reactive": "4.4.1"
        }
      },
      "System.Reactive.Providers": {
        "type": "Transitive",
        "resolved": "4.4.1",
        "contentHash": "K9RDgMHsuceX8QTk5ALCgYpexA9qcMsIi4K97Eigqcz9hD6fa4Smrjy8F/m6YdVJZFsBGaZ3uwj+d0loAdMfbA==",
        "dependencies": {
          "System.Reactive": "4.4.1"
        }
      },
      "System.Security.Cryptography.ProtectedData": {
        "type": "Transitive",
        "resolved": "4.5.0",
        "contentHash": "wLBKzFnDCxP12VL9ANydSYhk59fC4cvOr9ypYQLPnAj48NQIhqnjdD2yhP8yEKyBJEjERWS9DisKL7rX5eU25Q=="
      },
      "System.Text.Encodings.Web": {
        "type": "Transitive",
        "resolved": "10.0.1",
        "contentHash": "cVAka0o1rJJ5/De0pjNs7jcaZk5hUGf1HGzUyVmE2MEB1Vf0h/8qsWxImk1zjitCbeD2Avaq2P2+usdvqgbeVQ=="
      },
      "System.Text.Json": {
        "type": "Transitive",
        "resolved": "10.0.1",
        "contentHash": "EsgwDgU1PFqhrFA9l5n+RBu76wFhNGCEwu8ITrBNhjPP3MxLyklroU5GIF8o6JYpYg6T4KD/VICfMdgPAvNp5g==",
        "dependencies": {
          "System.IO.Pipelines": "10.0.1",
          "System.Text.Encodings.Web": "10.0.1"
        }
      }
    },
    "net9.0": {
      "Azure.Identity": {
        "type": "Direct",
        "requested": "[1.19.0, )",
        "resolved": "1.19.0",
        "contentHash": "01KY5RC7XHwh3azcZ46GMhVR7ajRsRPFh5ivVuvs7N9nVAYK+9/g2eqXTjBneorm9PTYAUfmHvd1dIdmzBym3w==",
        "dependencies": {
          "Azure.Core": "1.51.1",
          "Microsoft.Extensions.Configuration.Abstractions": "10.0.3",
          "Microsoft.Extensions.Hosting.Abstractions": "10.0.3",
          "Microsoft.Identity.Client": "4.83.1",
          "Microsoft.Identity.Client.Extensions.Msal": "4.83.1"
        }
      },
      "Microsoft.Azure.DurableTask.AzureStorage": {
        "type": "Direct",
        "requested": "[2.8.2, )",
        "resolved": "2.8.2",
        "contentHash": "A7LjXnl9n9cIBH1khQf+UDeLGUhbEFx02dUHE8+iPHsLIEnIY811cOHX85jjC7JEJn/BkZC8Xaapz5D1ZfbmDA==",
        "dependencies": {
          "Azure.Data.Tables": "12.11.0",
          "Azure.Storage.Blobs": "12.24.0",
          "Azure.Storage.Queues": "12.22.0",
          "Microsoft.Azure.DurableTask.Core": "3.7.0",
          "Microsoft.Bcl.AsyncInterfaces": "6.0.0",
          "System.Linq.Async": "6.0.1"
        }
      },
      "Microsoft.SourceLink.GitHub": {
        "type": "Direct",
        "requested": "[10.0.201, )",
        "resolved": "10.0.201",
        "contentHash": "qxYAmO4ktzd9L+HMdnqWucxpu7bI9undPyACXOMqPyhaiMtbpbYL/n0ACyWIJlbyEJrXFwxiOaBOSasLtDvsCg==",
        "dependencies": {
          "Microsoft.Build.Tasks.Git": "10.0.201",
          "Microsoft.SourceLink.Common": "10.0.201",
          "System.IO.Hashing": "10.0.5"
        }
      },
      "SonarAnalyzer.CSharp": {
        "type": "Direct",
        "requested": "[10.21.0.135717, )",
        "resolved": "10.21.0.135717",
        "contentHash": "i5awvO2aapfOLXq5v7uvCxLvx+p5H79RhGi2+gPMTDKpw4IBOX3Nw+1fuIcH4ZIzQ7+g5PYJi3fBYHFh0Iz+Fw=="
      },
      "StyleCop.Analyzers.Unstable": {
        "type": "Direct",
        "requested": "[1.2.0.556, )",
        "resolved": "1.2.0.556",
        "contentHash": "zvn9Mqs/ox/83cpYPignI8hJEM2A93s2HkHs8HYMOAQW0PkampyoErAiIyKxgTLqbbad29HX/shv/6LGSjPJNQ=="
      },
      "Azure.Core": {
        "type": "Transitive",
        "resolved": "1.51.1",
        "contentHash": "JRANrRvN5O5FFRh+pMUb8qqWU7jBQ39qXEbVr7Rkb1/s7rqc6RSzVHKGBz5Ro1gDy2WSGjG5YEOJKpPIBiCMcA==",
        "dependencies": {
          "Microsoft.Bcl.AsyncInterfaces": "10.0.2",
          "System.ClientModel": "1.9.0",
          "System.Memory.Data": "10.0.1"
        }
      },
      "Azure.Data.Tables": {
        "type": "Transitive",
        "resolved": "12.11.0",
        "contentHash": "MabH2HegMvZA1ocaMhEfW/idyTa3CoH64s43/V9/KFRGdVqEj0EETvd3ItDe6Bbs2teiR40KE9Kz9NLDc5DJJw==",
        "dependencies": {
          "Azure.Core": "1.44.1"
        }
      },
      "Azure.Storage.Blobs": {
        "type": "Transitive",
        "resolved": "12.24.0",
        "contentHash": "0SWiMtEYcemn5U69BqVPdqGDwcbl+lsF9L3WFPpqk1Db5g+ytr3L3GmUxMbvvdPNuFwTf03kKtWJpW/qW33T8A==",
        "dependencies": {
          "Azure.Storage.Common": "12.23.0"
        }
      },
      "Azure.Storage.Common": {
        "type": "Transitive",
        "resolved": "12.23.0",
        "contentHash": "X/pe1LS3lC6s6MSL7A6FzRfnB6P72rNBt5oSuyan6Q4Jxr+KiN9Ufwqo32YLHOVfPcB8ESZZ4rBDketn+J37Rw==",
        "dependencies": {
          "Azure.Core": "1.44.1",
          "System.IO.Hashing": "6.0.0"
        }
      },
      "Azure.Storage.Queues": {
        "type": "Transitive",
        "resolved": "12.22.0",
        "contentHash": "HPQgOlfH+rJ4CL4V8ePFnsT/KKnvLU35ytxC3fsTTqOazhQ0593C0aPVu258DRN8bQCbx4OpNpjtiO9czDy3VQ==",
        "dependencies": {
          "Azure.Storage.Common": "12.23.0",
          "System.Memory.Data": "6.0.1"
        }
      },
      "Castle.Core": {
        "type": "Transitive",
        "resolved": "5.2.1",
        "contentHash": "wHARzQA695jwwKreOzNsq54KiGqKP38tv8hi8e2FXDEC/sA6BtrX90tVPDkOfVu13PbEzr00TCV8coikl+D1Iw=="
      },
      "Microsoft.Azure.DurableTask.Core": {
        "type": "Transitive",
        "resolved": "3.7.0",
        "contentHash": "sOlJIgWbKFAjY6ld+tHncS5InG/GHEmgoc5HBgzc4tCDBqIHsJbGgrgOvHBDPpHp/DCt53AvlnEWcC2gs9SM8A==",
        "dependencies": {
          "Castle.Core": "5.2.1",
          "Newtonsoft.Json": "13.0.1",
          "System.Reactive.Compatibility": "4.4.1",
          "System.Reactive.Core": "4.4.1"
        }
      },
      "Microsoft.Bcl.AsyncInterfaces": {
        "type": "Transitive",
        "resolved": "10.0.2",
        "contentHash": "qE5JhRoeJbAipLqpUCZyNfNwnpAvUttXgIQDnTiJ15d8ji+/bPgoPkB3xLzK5cQTobN2D2ditUesUlDHb7p3Pg=="
      },
      "Microsoft.Build.Tasks.Git": {
        "type": "Transitive",
        "resolved": "10.0.201",
        "contentHash": "DMYBnrFZvLnBKn14VavEuuIr31CY6YY2i2L9P8DorS/Qp6ifRR8ZPLdJCFLFfjikNq8DykbYyLd/RP6lSqHcWw==",
        "dependencies": {
          "System.IO.Hashing": "10.0.5"
        }
      },
      "Microsoft.Extensions.Configuration.Abstractions": {
        "type": "Transitive",
        "resolved": "10.0.3",
        "contentHash": "xVDHL0+SIgemfh95fTO9cGLe17TWv/ZP0n7m01z8X6pzt2DmQpucioWR/mYZA1sRlkWnkXzfl0JweLNWmE9WMg==",
        "dependencies": {
          "Microsoft.Extensions.Primitives": "10.0.3"
        }
      },
      "Microsoft.Extensions.DependencyInjection.Abstractions": {
        "type": "Transitive",
        "resolved": "10.0.3",
        "contentHash": "bwGMrRcAMWx2s/RDgja97p27rxSz2pEQW0+rX5cWAUWVETVJ/eyxGfjAl8vuG5a+lckWmPIE+vcuaZNVB5YDdw=="
      },
      "Microsoft.Extensions.Diagnostics.Abstractions": {
        "type": "Transitive",
        "resolved": "10.0.3",
        "contentHash": "mQiTzAj7PIJ2A9YXR5QhgulS1fTWhmQc3ckd1Mrf3hKW07d03fBDqx8vVaFw+cRTebDOeB6pNqdWdnRxsi1hBA==",
        "dependencies": {
          "Microsoft.Extensions.DependencyInjection.Abstractions": "10.0.3",
          "Microsoft.Extensions.Options": "10.0.3",
          "System.Diagnostics.DiagnosticSource": "10.0.3"
        }
      },
      "Microsoft.Extensions.FileProviders.Abstractions": {
        "type": "Transitive",
        "resolved": "10.0.3",
        "contentHash": "4TD9AXDRsipTmaemwnjt/DM5Ri0de2JzHQhvZ4woBTjUtL4XrPNsMrOk5oiLJAx1gTrE6pOIhxv+lEde5F6CZA==",
        "dependencies": {
          "Microsoft.Extensions.Primitives": "10.0.3"
        }
      },
      "Microsoft.Extensions.Hosting.Abstractions": {
        "type": "Transitive",
        "resolved": "10.0.3",
        "contentHash": "GdMpC10Jf6poxSvUJ4lgYpJ5F/kJeaAoJmrPufjBoPYyCTKKY5Dyl0rZA+LBNvFqTq1cZa/lhlptlUhNvU6xrg==",
        "dependencies": {
          "Microsoft.Extensions.Configuration.Abstractions": "10.0.3",
          "Microsoft.Extensions.DependencyInjection.Abstractions": "10.0.3",
          "Microsoft.Extensions.Diagnostics.Abstractions": "10.0.3",
          "Microsoft.Extensions.FileProviders.Abstractions": "10.0.3",
          "Microsoft.Extensions.Logging.Abstractions": "10.0.3"
        }
      },
      "Microsoft.Extensions.Logging.Abstractions": {
        "type": "Transitive",
        "resolved": "10.0.3",
        "contentHash": "lxl0WLk7ROgBFAsjcOYjQ8/DVK+VMszxGBzUhgtQmAsTNldLL5pk9NG/cWTsXHq0lUhUEAtZkEE7jOGOA8bGKQ==",
        "dependencies": {
          "Microsoft.Extensions.DependencyInjection.Abstractions": "10.0.3",
          "System.Diagnostics.DiagnosticSource": "10.0.3"
        }
      },
      "Microsoft.Extensions.Options": {
        "type": "Transitive",
        "resolved": "10.0.3",
        "contentHash": "hU6WzGTPvPoLA2ng1ILvWQb3g0qORdlHNsxI8IcPLumJb3suimYUl+bbDzdo1V4KFsvVhnMWzysHpKbZaoDQPQ==",
        "dependencies": {
          "Microsoft.Extensions.DependencyInjection.Abstractions": "10.0.3",
          "Microsoft.Extensions.Primitives": "10.0.3"
        }
      },
      "Microsoft.Extensions.Primitives": {
        "type": "Transitive",
        "resolved": "10.0.3",
        "contentHash": "GEcpTwo7sUoLGGNTqV1FZEuL+tTD9m81NX/mh099dqGNna07/UGZShKQNZRw4hv6nlliSUwYQgSYc7OR99Jufg=="
      },
      "Microsoft.Identity.Client": {
        "type": "Transitive",
        "resolved": "4.83.1",
        "contentHash": "jOLIrZ3cynoqHLLO1cXplFFabrhrMEYs/EuKHvmCyrOm1axqiVFT6nCSnHxk7w5+d2BeQfCdM12Yf/0X7OeS1g==",
        "dependencies": {
          "Microsoft.IdentityModel.Abstractions": "8.14.0"
        }
      },
      "Microsoft.Identity.Client.Extensions.Msal": {
        "type": "Transitive",
        "resolved": "4.83.1",
        "contentHash": "I3k4J4Hj4KbLEFanjeUzzDOVecukETaTgEkJ7h2pP/Yazs6SLp6TVUTo/Eo+ptPXMwvc+iX7rBFtMSUrA7R+Mg==",
        "dependencies": {
          "Microsoft.Identity.Client": "4.83.1",
          "System.Security.Cryptography.ProtectedData": "4.5.0"
        }
      },
      "Microsoft.IdentityModel.Abstractions": {
        "type": "Transitive",
        "resolved": "8.14.0",
        "contentHash": "iwbCpSjD3ehfTwBhtSNEtKPK0ICun6ov7Ibx6ISNA9bfwIyzI2Siwyi9eJFCJBwxowK9xcA1mj+jBWiigeqgcQ=="
      },
      "Microsoft.SourceLink.Common": {
        "type": "Transitive",
        "resolved": "10.0.201",
        "contentHash": "QbBYhkjgL6rCnBfDbzsAJLlsad13TlBHqYCFDIw56OO2g6ix+9RsmY8uxiQGdWwFKbZXaXyAA6jDCzFYVGCZDw=="
      },
      "Newtonsoft.Json": {
        "type": "Transitive",
        "resolved": "13.0.1",
        "contentHash": "ppPFpBcvxdsfUonNcvITKqLl3bqxWbDCZIzDWHzjpdAHRFfZe0Dw9HmA0+za13IdyrgJwpkDTDA9fHaxOrt20A=="
      },
      "System.ClientModel": {
        "type": "Transitive",
        "resolved": "1.9.0",
        "contentHash": "1wdwKtMMMEFEYsxJmtrOd3G+7zVOVO3MlVZAsbKv9H0PnIx6J27fYAarMn0eQS0vKJPQL018DOb7YRK1O97p0A==",
        "dependencies": {
          "Microsoft.Extensions.Configuration.Abstractions": "10.0.2",
          "Microsoft.Extensions.Hosting.Abstractions": "10.0.2",
          "Microsoft.Extensions.Logging.Abstractions": "10.0.2",
          "System.Memory.Data": "10.0.1"
        }
      },
      "System.Diagnostics.DiagnosticSource": {
        "type": "Transitive",
        "resolved": "10.0.3",
        "contentHash": "IuZXyF3K5X+mCsBKIQ87Cn/V4Nyb39vyCbzfH/AkoneSWNV/ExGQ/I0m4CEaVAeFh9fW6kp2NVObkmevd1Ys7A=="
      },
      "System.IO.Hashing": {
        "type": "Transitive",
        "resolved": "10.0.5",
        "contentHash": "8IBJWcCT9+e4Bmevm4T7+fQEiAh133KGiz4oiVTgJckd3Q76OFdR1falgn9lpz7+C4HJvogCDJeAa2QmvbeVtg=="
      },
      "System.IO.Pipelines": {
        "type": "Transitive",
        "resolved": "10.0.1",
        "contentHash": "26LbFXHKd7PmRnWlkjnYgmjd5B6HYVG+1MpTO25BdxTJnx6D0O16JPAC/S4YBqjtt4YpfGj1QO/Ss6SPMGEGQw=="
      },
      "System.Linq.Async": {
        "type": "Transitive",
        "resolved": "6.0.1",
        "contentHash": "0YhHcaroWpQ9UCot3Pizah7ryAzQhNvobLMSxeDIGmnXfkQn8u5owvpOH0K6EVB+z9L7u6Cc4W17Br/+jyttEQ==",
        "dependencies": {
          "Microsoft.Bcl.AsyncInterfaces": "6.0.0"
        }
      },
      "System.Memory.Data": {
        "type": "Transitive",
        "resolved": "10.0.1",
        "contentHash": "BZC4mhdL569AXV56ep9YO6ShjhxFXGP7SwVX0Bc/e0dJPWnS6aBEXZJXqh64RVx8HquqWHkJUINBydLRQ1yq0g==",
        "dependencies": {
          "System.Text.Json": "10.0.1"
        }
      },
      "System.Reactive": {
        "type": "Transitive",
        "resolved": "4.4.1",
        "contentHash": "iSTPeWR9HJhGoNV4WhVlvofuiTjpok1i4E3LPgMdbMqf3jKhFlT9HAlO32lb52NLppWC/4dZQFfUzTytvyXBmw=="
      },
      "System.Reactive.Compatibility": {
        "type": "Transitive",
        "resolved": "4.4.1",
        "contentHash": "Ad2/TBOBV0/45pzccpbQj2vo3S85uipF/PfqkbQUnH0vOtBqrXd1eqWtky5YTXq/WIRU1HF62HFSOdXiNC+E4A==",
        "dependencies": {
          "System.Reactive.Core": "4.4.1",
          "System.Reactive.Interfaces": "4.4.1",
          "System.Reactive.Linq": "4.4.1",
          "System.Reactive.PlatformServices": "4.4.1",
          "System.Reactive.Providers": "4.4.1"
        }
      },
      "System.Reactive.Core": {
        "type": "Transitive",
        "resolved": "4.4.1",
        "contentHash": "YQHJOt8hZvwFelIIfs19t8Jhz5P6NS1ZZccbVUuE1LFyoFZjaUecdYIYykgXzpyj5Rl40XC3xkyuuhHRaAln2w==",
        "dependencies": {
          "System.Reactive": "4.4.1"
        }
      },
      "System.Reactive.Interfaces": {
        "type": "Transitive",
        "resolved": "4.4.1",
        "contentHash": "Pk++rL2lxe6yhBEzgc9eJWR57YxYxtAmcz9U0JdKyHEzTLqba3B7MhhYrpN2ToTPVRyJJzxMdPdLieIJvlsACg==",
        "dependencies": {
          "System.Reactive": "4.4.1"
        }
      },
      "System.Reactive.Linq": {
        "type": "Transitive",
        "resolved": "4.4.1",
        "contentHash": "wyOVuUyHmPV667REPwcZjFjOlRLX6qSGVcXMye0qUqBAWFB3bu1RO1XLGWZTnf0d67DQHV69kw7tAtTh+4EYyQ==",
        "dependencies": {
          "System.Reactive": "4.4.1"
        }
      },
      "System.Reactive.PlatformServices": {
        "type": "Transitive",
        "resolved": "4.4.1",
        "contentHash": "jVF40bEwEES1DpDxI8pRcVEkH/TztFCOSToMYIK6TNE5QojsQljfvZd6jaDG4jRZ9hkoMYyUbkeSDYG/1ldPDg==",
        "dependencies": {
          "System.Reactive": "4.4.1"
        }
      },
      "System.Reactive.Providers": {
        "type": "Transitive",
        "resolved": "4.4.1",
        "contentHash": "K9RDgMHsuceX8QTk5ALCgYpexA9qcMsIi4K97Eigqcz9hD6fa4Smrjy8F/m6YdVJZFsBGaZ3uwj+d0loAdMfbA==",
        "dependencies": {
          "System.Reactive": "4.4.1"
        }
      },
      "System.Security.Cryptography.ProtectedData": {
        "type": "Transitive",
        "resolved": "4.5.0",
        "contentHash": "wLBKzFnDCxP12VL9ANydSYhk59fC4cvOr9ypYQLPnAj48NQIhqnjdD2yhP8yEKyBJEjERWS9DisKL7rX5eU25Q=="
      },
      "System.Text.Encodings.Web": {
        "type": "Transitive",
        "resolved": "10.0.1",
        "contentHash": "cVAka0o1rJJ5/De0pjNs7jcaZk5hUGf1HGzUyVmE2MEB1Vf0h/8qsWxImk1zjitCbeD2Avaq2P2+usdvqgbeVQ=="
      },
      "System.Text.Json": {
        "type": "Transitive",
        "resolved": "10.0.1",
        "contentHash": "EsgwDgU1PFqhrFA9l5n+RBu76wFhNGCEwu8ITrBNhjPP3MxLyklroU5GIF8o6JYpYg6T4KD/VICfMdgPAvNp5g==",
        "dependencies": {
          "System.IO.Pipelines": "10.0.1",
          "System.Text.Encodings.Web": "10.0.1"
        }
      }
    }
  }
}