{
  "version": 1,
  "dependencies": {
    "net10.0": {
      "Microsoft.Azure.Functions.Worker.Extensions.Http.AspNetCore": {
        "type": "Direct",
        "requested": "[2.1.0, )",
        "resolved": "2.1.0",
        "contentHash": "mVspzNJnTeeJg9k0Le8ca+38VSvNOrUlssZ6I0JFqLL+SC37qRlonJXVGU+eU2k6XSwnjkGEkdZxmkuwwZxDBw==",
        "dependencies": {
          "Microsoft.Azure.Functions.Worker": "2.1.0",
          "Microsoft.Azure.Functions.Worker.Extensions.Abstractions": "1.3.0",
          "Microsoft.Azure.Functions.Worker.Extensions.Http": "3.3.0",
          "Microsoft.Azure.Functions.Worker.Extensions.Http.AspNetCore.Analyzers": "1.0.4"
        }
      },
      "Microsoft.SourceLink.GitHub": {
        "type": "Direct",
        "requested": "[10.0.102, )",
        "resolved": "10.0.102",
        "contentHash": "Oxq3RCIJSdtpIU4hLqO7XaDe/Ra3HS9Wi8rJl838SAg6Zu1iQjerA0+xXWBgUFYbgknUGCLOU0T+lzMLkvY9Qg==",
        "dependencies": {
          "Microsoft.Build.Tasks.Git": "10.0.102",
          "Microsoft.SourceLink.Common": "10.0.102"
        }
      },
      "SonarAnalyzer.CSharp": {
        "type": "Direct",
        "requested": "[10.19.0.132793, )",
        "resolved": "10.19.0.132793",
        "contentHash": "vDQSFE+KU5pXfVNzz4R4CA0ZGuLO35Sn+a7z2nyV9EM/nHsvl+WFGZ61Uk9eTdbhta1YXzqCMXB2B+6dn6ykVA=="
      },
      "StyleCop.Analyzers.Unstable": {
        "type": "Direct",
        "requested": "[1.2.0.556, )",
        "resolved": "1.2.0.556",
        "contentHash": "zvn9Mqs/ox/83cpYPignI8hJEM2A93s2HkHs8HYMOAQW0PkampyoErAiIyKxgTLqbbad29HX/shv/6LGSjPJNQ=="
      },
      "Azure.Core": {
        "type": "Transitive",
        "resolved": "1.44.1",
        "contentHash": "YyznXLQZCregzHvioip07/BkzjuWNXogJEVz9T5W6TwjNr17ax41YGzYMptlo2G10oLCuVPoyva62y0SIRDixg==",
        "dependencies": {
          "Microsoft.Bcl.AsyncInterfaces": "6.0.0",
          "System.ClientModel": "1.1.0",
          "System.Memory.Data": "6.0.0"
        }
      },
      "Google.Protobuf": {
        "type": "Transitive",
        "resolved": "3.28.0",
        "contentHash": "lVsLcLIHpkOABswgydr0sjkIhSN5XE9C6AgLXxvMsa6pSSJIpmAIPvK/NZpuF+HTB6xp1R8T5nhLausWVOrU/w=="
      },
      "Grpc.Core.Api": {
        "type": "Transitive",
        "resolved": "2.65.0",
        "contentHash": "VHElVX8XpJoaoddHkxhSHrXqn+7k3cZRmAxvZFh0NElkZK5oAT0/QOPM2FJtt5/xIxjQPumz3TOkzrUT6b8V6g=="
      },
      "Grpc.Net.Client": {
        "type": "Transitive",
        "resolved": "2.65.0",
        "contentHash": "ys1Rz7pxV0XR2pm4BVMkm/PrJ2BQu8OXFTvnXzzelTvQ+19OiHbUSb1kSZ2X4V7FziaxrtWY52ssXK3MFjQxbg==",
        "dependencies": {
          "Grpc.Net.Common": "2.65.0"
        }
      },
      "Grpc.Net.ClientFactory": {
        "type": "Transitive",
        "resolved": "2.65.0",
        "contentHash": "iVJ8/uoaPccipMeyD0uwpbX6lRhFEo4aLJmGhLsdigQWi1tDdf/PHfRNZudX3lqZGuqyxl+wC2CfuApIIKPMhg==",
        "dependencies": {
          "Grpc.Net.Client": "2.65.0"
        }
      },
      "Grpc.Net.Common": {
        "type": "Transitive",
        "resolved": "2.65.0",
        "contentHash": "XbRegnfDrWoXZJ4GGdJat+KXnmCCkR6XQmWnIZxxIjphyZkWZgI0FN1PtGXU4RZ5a5C85qg1cscz1ju2biVXGg==",
        "dependencies": {
          "Grpc.Core.Api": "2.65.0"
        }
      },
      "Microsoft.Azure.Functions.Worker": {
        "type": "Transitive",
        "resolved": "2.1.0",
        "contentHash": "dBtdnPZxjgqEEXuYtOVdRbe20k3KK3cxmby3QqKdh04kHhlwkfP7tvuwZ+iFQgq9jeI4Q7LegvW2WVbkT0GYQw==",
        "dependencies": {
          "Microsoft.Azure.Functions.Worker.Core": "2.1.0",
          "Microsoft.Azure.Functions.Worker.Grpc": "2.1.0"
        }
      },
      "Microsoft.Azure.Functions.Worker.Core": {
        "type": "Transitive",
        "resolved": "2.1.0",
        "contentHash": "YxgP3Fqqe//sk7D14zjDLCFAkxoIt8jA5yrrDpBnkgejyqvQX6Gl0LZO2GLNRxp5rb5YYczwRmFTxdthWdjl0w==",
        "dependencies": {
          "Azure.Core": "1.44.1"
        }
      },
      "Microsoft.Azure.Functions.Worker.Extensions.Abstractions": {
        "type": "Transitive",
        "resolved": "1.3.0",
        "contentHash": "+6+/Yb/ouWUweaSQhesbbiIVSmwYEzkSfjIHrBnNqIiCYnx2iLeoYyWjN/wHP3Fnn5COtyDXRDwHKr5A/tCL9Q=="
      },
      "Microsoft.Azure.Functions.Worker.Extensions.Http": {
        "type": "Transitive",
        "resolved": "3.3.0",
        "contentHash": "a1W5bpOQCrYP0kbSJUFrK6PYeQAfg3UXQR+kPdt1YLvWrc/JTaNWyOA1DRKGrvRRo87xSM9NdFZuDULEMAxl4Q==",
        "dependencies": {
          "Microsoft.Azure.Functions.Worker.Core": "1.19.0",
          "Microsoft.Azure.Functions.Worker.Extensions.Abstractions": "1.3.0"
        }
      },
      "Microsoft.Azure.Functions.Worker.Extensions.Http.AspNetCore.Analyzers": {
        "type": "Transitive",
        "resolved": "1.0.4",
        "contentHash": "wwuRuxDEh+N8x8uhT3QQs7Due2Q/TRDcSnNeWfX8ldX8lxLKPYjgUwvTLKC7ioHqUfFFEGHLiRMJUh6Jppeamg=="
      },
      "Microsoft.Azure.Functions.Worker.Grpc": {
        "type": "Transitive",
        "resolved": "2.1.0",
        "contentHash": "b7MFp1afoQptoz/ZtD9oEqmGJsxC02oVuMhxz8+YE/WerjdRLRRAYSmgfxrUrqbrsJGIWaP+UPbJajVTf9F9Lw==",
        "dependencies": {
          "Google.Protobuf": "3.28.0",
          "Grpc.Net.ClientFactory": "2.65.0",
          "Microsoft.Azure.Functions.Worker.Core": "2.1.0",
          "Microsoft.Azure.Functions.Worker.Extensions.Abstractions": "1.3.0"
        }
      },
      "Microsoft.Bcl.AsyncInterfaces": {
        "type": "Transitive",
        "resolved": "6.0.0",
        "contentHash": "UcSjPsst+DfAdJGVDsu346FX0ci0ah+lw3WRtn18NUwEqRt70HaOQ7lI72vy3+1LxtqI3T5GWwV39rQSrCzAeg=="
      },
      "Microsoft.Build.Tasks.Git": {
        "type": "Transitive",
        "resolved": "10.0.102",
        "contentHash": "0i81LYX31U6UiXz4NOLbvc++u+/mVDmOt+PskrM/MygpDxkv9THKQyRUmavBpLK6iBV0abNWnn+CQgSRz//Pwg=="
      },
      "Microsoft.SourceLink.Common": {
        "type": "Transitive",
        "resolved": "10.0.102",
        "contentHash": "Mk1IMb9q5tahC2NltxYXFkLBtuBvfBoCQ3pIxYQWfzbCE9o1OB9SsHe0hnNGo7lWgTA/ePbFAJLWu6nLL9K17A=="
      },
      "System.ClientModel": {
        "type": "Transitive",
        "resolved": "1.1.0",
        "contentHash": "UocOlCkxLZrG2CKMAAImPcldJTxeesHnHGHwhJ0pNlZEvEXcWKuQvVOER2/NiOkJGRJk978SNdw3j6/7O9H1lg==",
        "dependencies": {
          "System.Memory.Data": "1.0.2"
        }
      },
      "System.Memory.Data": {
        "type": "Transitive",
        "resolved": "6.0.0",
        "contentHash": "ntFHArH3I4Lpjf5m4DCXQHJuGwWPNVJPaAvM95Jy/u+2Yzt2ryiyIN04LAogkjP9DeRcEOiviAjQotfmPq/FrQ=="
      }
    },
    "net8.0": {
      "Microsoft.Azure.Functions.Worker.Extensions.Http.AspNetCore": {
        "type": "Direct",
        "requested": "[2.1.0, )",
        "resolved": "2.1.0",
        "contentHash": "mVspzNJnTeeJg9k0Le8ca+38VSvNOrUlssZ6I0JFqLL+SC37qRlonJXVGU+eU2k6XSwnjkGEkdZxmkuwwZxDBw==",
        "dependencies": {
          "Microsoft.Azure.Functions.Worker": "2.1.0",
          "Microsoft.Azure.Functions.Worker.Extensions.Abstractions": "1.3.0",
          "Microsoft.Azure.Functions.Worker.Extensions.Http": "3.3.0",
          "Microsoft.Azure.Functions.Worker.Extensions.Http.AspNetCore.Analyzers": "1.0.4"
        }
      },
      "Microsoft.SourceLink.GitHub": {
        "type": "Direct",
        "requested": "[10.0.102, )",
        "resolved": "10.0.102",
        "contentHash": "Oxq3RCIJSdtpIU4hLqO7XaDe/Ra3HS9Wi8rJl838SAg6Zu1iQjerA0+xXWBgUFYbgknUGCLOU0T+lzMLkvY9Qg==",
        "dependencies": {
          "Microsoft.Build.Tasks.Git": "10.0.102",
          "Microsoft.SourceLink.Common": "10.0.102"
        }
      },
      "SonarAnalyzer.CSharp": {
        "type": "Direct",
        "requested": "[10.19.0.132793, )",
        "resolved": "10.19.0.132793",
        "contentHash": "vDQSFE+KU5pXfVNzz4R4CA0ZGuLO35Sn+a7z2nyV9EM/nHsvl+WFGZ61Uk9eTdbhta1YXzqCMXB2B+6dn6ykVA=="
      },
      "StyleCop.Analyzers.Unstable": {
        "type": "Direct",
        "requested": "[1.2.0.556, )",
        "resolved": "1.2.0.556",
        "contentHash": "zvn9Mqs/ox/83cpYPignI8hJEM2A93s2HkHs8HYMOAQW0PkampyoErAiIyKxgTLqbbad29HX/shv/6LGSjPJNQ=="
      },
      "Azure.Core": {
        "type": "Transitive",
        "resolved": "1.44.1",
        "contentHash": "YyznXLQZCregzHvioip07/BkzjuWNXogJEVz9T5W6TwjNr17ax41YGzYMptlo2G10oLCuVPoyva62y0SIRDixg==",
        "dependencies": {
          "Microsoft.Bcl.AsyncInterfaces": "6.0.0",
          "System.ClientModel": "1.1.0",
          "System.Memory.Data": "6.0.0"
        }
      },
      "Google.Protobuf": {
        "type": "Transitive",
        "resolved": "3.28.0",
        "contentHash": "lVsLcLIHpkOABswgydr0sjkIhSN5XE9C6AgLXxvMsa6pSSJIpmAIPvK/NZpuF+HTB6xp1R8T5nhLausWVOrU/w=="
      },
      "Grpc.Core.Api": {
        "type": "Transitive",
        "resolved": "2.65.0",
        "contentHash": "VHElVX8XpJoaoddHkxhSHrXqn+7k3cZRmAxvZFh0NElkZK5oAT0/QOPM2FJtt5/xIxjQPumz3TOkzrUT6b8V6g=="
      },
      "Grpc.Net.Client": {
        "type": "Transitive",
        "resolved": "2.65.0",
        "contentHash": "ys1Rz7pxV0XR2pm4BVMkm/PrJ2BQu8OXFTvnXzzelTvQ+19OiHbUSb1kSZ2X4V7FziaxrtWY52ssXK3MFjQxbg==",
        "dependencies": {
          "Grpc.Net.Common": "2.65.0"
        }
      },
      "Grpc.Net.ClientFactory": {
        "type": "Transitive",
        "resolved": "2.65.0",
        "contentHash": "iVJ8/uoaPccipMeyD0uwpbX6lRhFEo4aLJmGhLsdigQWi1tDdf/PHfRNZudX3lqZGuqyxl+wC2CfuApIIKPMhg==",
        "dependencies": {
          "Grpc.Net.Client": "2.65.0"
        }
      },
      "Grpc.Net.Common": {
        "type": "Transitive",
        "resolved": "2.65.0",
        "contentHash": "XbRegnfDrWoXZJ4GGdJat+KXnmCCkR6XQmWnIZxxIjphyZkWZgI0FN1PtGXU4RZ5a5C85qg1cscz1ju2biVXGg==",
        "dependencies": {
          "Grpc.Core.Api": "2.65.0"
        }
      },
      "Microsoft.Azure.Functions.Worker": {
        "type": "Transitive",
        "resolved": "2.1.0",
        "contentHash": "dBtdnPZxjgqEEXuYtOVdRbe20k3KK3cxmby3QqKdh04kHhlwkfP7tvuwZ+iFQgq9jeI4Q7LegvW2WVbkT0GYQw==",
        "dependencies": {
          "Microsoft.Azure.Functions.Worker.Core": "2.1.0",
          "Microsoft.Azure.Functions.Worker.Grpc": "2.1.0"
        }
      },
      "Microsoft.Azure.Functions.Worker.Core": {
        "type": "Transitive",
        "resolved": "2.1.0",
        "contentHash": "YxgP3Fqqe//sk7D14zjDLCFAkxoIt8jA5yrrDpBnkgejyqvQX6Gl0LZO2GLNRxp5rb5YYczwRmFTxdthWdjl0w==",
        "dependencies": {
          "Azure.Core": "1.44.1"
        }
      },
      "Microsoft.Azure.Functions.Worker.Extensions.Abstractions": {
        "type": "Transitive",
        "resolved": "1.3.0",
        "contentHash": "+6+/Yb/ouWUweaSQhesbbiIVSmwYEzkSfjIHrBnNqIiCYnx2iLeoYyWjN/wHP3Fnn5COtyDXRDwHKr5A/tCL9Q=="
      },
      "Microsoft.Azure.Functions.Worker.Extensions.Http": {
        "type": "Transitive",
        "resolved": "3.3.0",
        "contentHash": "a1W5bpOQCrYP0kbSJUFrK6PYeQAfg3UXQR+kPdt1YLvWrc/JTaNWyOA1DRKGrvRRo87xSM9NdFZuDULEMAxl4Q==",
        "dependencies": {
          "Microsoft.Azure.Functions.Worker.Core": "1.19.0",
          "Microsoft.Azure.Functions.Worker.Extensions.Abstractions": "1.3.0"
        }
      },
      "Microsoft.Azure.Functions.Worker.Extensions.Http.AspNetCore.Analyzers": {
        "type": "Transitive",
        "resolved": "1.0.4",
        "contentHash": "wwuRuxDEh+N8x8uhT3QQs7Due2Q/TRDcSnNeWfX8ldX8lxLKPYjgUwvTLKC7ioHqUfFFEGHLiRMJUh6Jppeamg=="
      },
      "Microsoft.Azure.Functions.Worker.Grpc": {
        "type": "Transitive",
        "resolved": "2.1.0",
        "contentHash": "b7MFp1afoQptoz/ZtD9oEqmGJsxC02oVuMhxz8+YE/WerjdRLRRAYSmgfxrUrqbrsJGIWaP+UPbJajVTf9F9Lw==",
        "dependencies": {
          "Google.Protobuf": "3.28.0",
          "Grpc.Net.ClientFactory": "2.65.0",
          "Microsoft.Azure.Functions.Worker.Core": "2.1.0",
          "Microsoft.Azure.Functions.Worker.Extensions.Abstractions": "1.3.0"
        }
      },
      "Microsoft.Bcl.AsyncInterfaces": {
        "type": "Transitive",
        "resolved": "6.0.0",
        "contentHash": "UcSjPsst+DfAdJGVDsu346FX0ci0ah+lw3WRtn18NUwEqRt70HaOQ7lI72vy3+1LxtqI3T5GWwV39rQSrCzAeg=="
      },
      "Microsoft.Build.Tasks.Git": {
        "type": "Transitive",
        "resolved": "10.0.102",
        "contentHash": "0i81LYX31U6UiXz4NOLbvc++u+/mVDmOt+PskrM/MygpDxkv9THKQyRUmavBpLK6iBV0abNWnn+CQgSRz//Pwg=="
      },
      "Microsoft.SourceLink.Common": {
        "type": "Transitive",
        "resolved": "10.0.102",
        "contentHash": "Mk1IMb9q5tahC2NltxYXFkLBtuBvfBoCQ3pIxYQWfzbCE9o1OB9SsHe0hnNGo7lWgTA/ePbFAJLWu6nLL9K17A=="
      },
      "System.ClientModel": {
        "type": "Transitive",
        "resolved": "1.1.0",
        "contentHash": "UocOlCkxLZrG2CKMAAImPcldJTxeesHnHGHwhJ0pNlZEvEXcWKuQvVOER2/NiOkJGRJk978SNdw3j6/7O9H1lg==",
        "dependencies": {
          "System.Memory.Data": "1.0.2"
        }
      },
      "System.Memory.Data": {
        "type": "Transitive",
        "resolved": "6.0.0",
        "contentHash": "ntFHArH3I4Lpjf5m4DCXQHJuGwWPNVJPaAvM95Jy/u+2Yzt2ryiyIN04LAogkjP9DeRcEOiviAjQotfmPq/FrQ=="
      }
    },
    "net9.0": {
      "Microsoft.Azure.Functions.Worker.Extensions.Http.AspNetCore": {
        "type": "Direct",
        "requested": "[2.1.0, )",
        "resolved": "2.1.0",
        "contentHash": "mVspzNJnTeeJg9k0Le8ca+38VSvNOrUlssZ6I0JFqLL+SC37qRlonJXVGU+eU2k6XSwnjkGEkdZxmkuwwZxDBw==",
        "dependencies": {
          "Microsoft.Azure.Functions.Worker": "2.1.0",
          "Microsoft.Azure.Functions.Worker.Extensions.Abstractions": "1.3.0",
          "Microsoft.Azure.Functions.Worker.Extensions.Http": "3.3.0",
          "Microsoft.Azure.Functions.Worker.Extensions.Http.AspNetCore.Analyzers": "1.0.4"
        }
      },
      "Microsoft.SourceLink.GitHub": {
        "type": "Direct",
        "requested": "[10.0.102, )",
        "resolved": "10.0.102",
        "contentHash": "Oxq3RCIJSdtpIU4hLqO7XaDe/Ra3HS9Wi8rJl838SAg6Zu1iQjerA0+xXWBgUFYbgknUGCLOU0T+lzMLkvY9Qg==",
        "dependencies": {
          "Microsoft.Build.Tasks.Git": "10.0.102",
          "Microsoft.SourceLink.Common": "10.0.102"
        }
      },
      "SonarAnalyzer.CSharp": {
        "type": "Direct",
        "requested": "[10.19.0.132793, )",
        "resolved": "10.19.0.132793",
        "contentHash": "vDQSFE+KU5pXfVNzz4R4CA0ZGuLO35Sn+a7z2nyV9EM/nHsvl+WFGZ61Uk9eTdbhta1YXzqCMXB2B+6dn6ykVA=="
      },
      "StyleCop.Analyzers.Unstable": {
        "type": "Direct",
        "requested": "[1.2.0.556, )",
        "resolved": "1.2.0.556",
        "contentHash": "zvn9Mqs/ox/83cpYPignI8hJEM2A93s2HkHs8HYMOAQW0PkampyoErAiIyKxgTLqbbad29HX/shv/6LGSjPJNQ=="
      },
      "Azure.Core": {
        "type": "Transitive",
        "resolved": "1.44.1",
        "contentHash": "YyznXLQZCregzHvioip07/BkzjuWNXogJEVz9T5W6TwjNr17ax41YGzYMptlo2G10oLCuVPoyva62y0SIRDixg==",
        "dependencies": {
          "Microsoft.Bcl.AsyncInterfaces": "6.0.0",
          "System.ClientModel": "1.1.0",
          "System.Memory.Data": "6.0.0"
        }
      },
      "Google.Protobuf": {
        "type": "Transitive",
        "resolved": "3.28.0",
        "contentHash": "lVsLcLIHpkOABswgydr0sjkIhSN5XE9C6AgLXxvMsa6pSSJIpmAIPvK/NZpuF+HTB6xp1R8T5nhLausWVOrU/w=="
      },
      "Grpc.Core.Api": {
        "type": "Transitive",
        "resolved": "2.65.0",
        "contentHash": "VHElVX8XpJoaoddHkxhSHrXqn+7k3cZRmAxvZFh0NElkZK5oAT0/QOPM2FJtt5/xIxjQPumz3TOkzrUT6b8V6g=="
      },
      "Grpc.Net.Client": {
        "type": "Transitive",
        "resolved": "2.65.0",
        "contentHash": "ys1Rz7pxV0XR2pm4BVMkm/PrJ2BQu8OXFTvnXzzelTvQ+19OiHbUSb1kSZ2X4V7FziaxrtWY52ssXK3MFjQxbg==",
        "dependencies": {
          "Grpc.Net.Common": "2.65.0"
        }
      },
      "Grpc.Net.ClientFactory": {
        "type": "Transitive",
        "resolved": "2.65.0",
        "contentHash": "iVJ8/uoaPccipMeyD0uwpbX6lRhFEo4aLJmGhLsdigQWi1tDdf/PHfRNZudX3lqZGuqyxl+wC2CfuApIIKPMhg==",
        "dependencies": {
          "Grpc.Net.Client": "2.65.0"
        }
      },
      "Grpc.Net.Common": {
        "type": "Transitive",
        "resolved": "2.65.0",
        "contentHash": "XbRegnfDrWoXZJ4GGdJat+KXnmCCkR6XQmWnIZxxIjphyZkWZgI0FN1PtGXU4RZ5a5C85qg1cscz1ju2biVXGg==",
        "dependencies": {
          "Grpc.Core.Api": "2.65.0"
        }
      },
      "Microsoft.Azure.Functions.Worker": {
        "type": "Transitive",
        "resolved": "2.1.0",
        "contentHash": "dBtdnPZxjgqEEXuYtOVdRbe20k3KK3cxmby3QqKdh04kHhlwkfP7tvuwZ+iFQgq9jeI4Q7LegvW2WVbkT0GYQw==",
        "dependencies": {
          "Microsoft.Azure.Functions.Worker.Core": "2.1.0",
          "Microsoft.Azure.Functions.Worker.Grpc": "2.1.0"
        }
      },
      "Microsoft.Azure.Functions.Worker.Core": {
        "type": "Transitive",
        "resolved": "2.1.0",
        "contentHash": "YxgP3Fqqe//sk7D14zjDLCFAkxoIt8jA5yrrDpBnkgejyqvQX6Gl0LZO2GLNRxp5rb5YYczwRmFTxdthWdjl0w==",
        "dependencies": {
          "Azure.Core": "1.44.1"
        }
      },
      "Microsoft.Azure.Functions.Worker.Extensions.Abstractions": {
        "type": "Transitive",
        "resolved": "1.3.0",
        "contentHash": "+6+/Yb/ouWUweaSQhesbbiIVSmwYEzkSfjIHrBnNqIiCYnx2iLeoYyWjN/wHP3Fnn5COtyDXRDwHKr5A/tCL9Q=="
      },
      "Microsoft.Azure.Functions.Worker.Extensions.Http": {
        "type": "Transitive",
        "resolved": "3.3.0",
        "contentHash": "a1W5bpOQCrYP0kbSJUFrK6PYeQAfg3UXQR+kPdt1YLvWrc/JTaNWyOA1DRKGrvRRo87xSM9NdFZuDULEMAxl4Q==",
        "dependencies": {
          "Microsoft.Azure.Functions.Worker.Core": "1.19.0",
          "Microsoft.Azure.Functions.Worker.Extensions.Abstractions": "1.3.0"
        }
      },
      "Microsoft.Azure.Functions.Worker.Extensions.Http.AspNetCore.Analyzers": {
        "type": "Transitive",
        "resolved": "1.0.4",
        "contentHash": "wwuRuxDEh+N8x8uhT3QQs7Due2Q/TRDcSnNeWfX8ldX8lxLKPYjgUwvTLKC7ioHqUfFFEGHLiRMJUh6Jppeamg=="
      },
      "Microsoft.Azure.Functions.Worker.Grpc": {
        "type": "Transitive",
        "resolved": "2.1.0",
        "contentHash": "b7MFp1afoQptoz/ZtD9oEqmGJsxC02oVuMhxz8+YE/WerjdRLRRAYSmgfxrUrqbrsJGIWaP+UPbJajVTf9F9Lw==",
        "dependencies": {
          "Google.Protobuf": "3.28.0",
          "Grpc.Net.ClientFactory": "2.65.0",
          "Microsoft.Azure.Functions.Worker.Core": "2.1.0",
          "Microsoft.Azure.Functions.Worker.Extensions.Abstractions": "1.3.0"
        }
      },
      "Microsoft.Bcl.AsyncInterfaces": {
        "type": "Transitive",
        "resolved": "6.0.0",
        "contentHash": "UcSjPsst+DfAdJGVDsu346FX0ci0ah+lw3WRtn18NUwEqRt70HaOQ7lI72vy3+1LxtqI3T5GWwV39rQSrCzAeg=="
      },
      "Microsoft.Build.Tasks.Git": {
        "type": "Transitive",
        "resolved": "10.0.102",
        "contentHash": "0i81LYX31U6UiXz4NOLbvc++u+/mVDmOt+PskrM/MygpDxkv9THKQyRUmavBpLK6iBV0abNWnn+CQgSRz//Pwg=="
      },
      "Microsoft.SourceLink.Common": {
        "type": "Transitive",
        "resolved": "10.0.102",
        "contentHash": "Mk1IMb9q5tahC2NltxYXFkLBtuBvfBoCQ3pIxYQWfzbCE9o1OB9SsHe0hnNGo7lWgTA/ePbFAJLWu6nLL9K17A=="
      },
      "System.ClientModel": {
        "type": "Transitive",
        "resolved": "1.1.0",
        "contentHash": "UocOlCkxLZrG2CKMAAImPcldJTxeesHnHGHwhJ0pNlZEvEXcWKuQvVOER2/NiOkJGRJk978SNdw3j6/7O9H1lg==",
        "dependencies": {
          "System.Memory.Data": "1.0.2"
        }
      },
      "System.Memory.Data": {
        "type": "Transitive",
        "resolved": "6.0.0",
        "contentHash": "ntFHArH3I4Lpjf5m4DCXQHJuGwWPNVJPaAvM95Jy/u+2Yzt2ryiyIN04LAogkjP9DeRcEOiviAjQotfmPq/FrQ=="
      }
    }
  }
}