
Microsoft Visual Studio Solution File, Format Version 12.00
# Visual Studio Version 17
VisualStudioVersion = 17.8.34601.278
MinimumVisualStudioVersion = 10.0.40219.1
Project("{2150E333-8FDC-42A3-9474-1A3956D46DE8}") = "Solution Items", "Solution Items", "{55EDCBBD-098E-444E-8BA2-5207AF6E4B71}"
	ProjectSection(SolutionItems) = preProject
		.editorconfig = .editorconfig
		.gitignore = .gitignore
		Directory.Build.props = Directory.Build.props
	EndProjectSection
EndProject
Project("{9A19103F-16F7-4668-BE54-9A1E7A4F7556}") = "AzureFunctions.Worker.Extensions.ApplicationInsights", "AzureFunctions.Worker.Extensions.ApplicationInsights\AzureFunctions.Worker.Extensions.ApplicationInsights.csproj", "{705661E6-FD5F-4FCE-B958-1A1C0FBDA997}"
EndProject
Project("{9A19103F-16F7-4668-BE54-9A1E7A4F7556}") = "AzureFunctions.Worker.Extensions.AspNetCore", "AzureFunctions.Worker.Extensions.AspNetCore\AzureFunctions.Worker.Extensions.AspNetCore.csproj", "{4C1567DE-C2D8-48B4-9FED-54182437B821}"
EndProject
Project("{9A19103F-16F7-4668-BE54-9A1E7A4F7556}") = "AzureFunctions.Worker.Extensions.TestHost", "AzureFunctions.Worker.Extensions.TestHost\AzureFunctions.Worker.Extensions.TestHost.csproj", "{C64DB707-04C4-46F1-898D-D0B28B15A239}"
EndProject
Project("{FAE04EC0-301F-11D3-BF4B-00C04F79EFBC}") = "AzureFunctions.Worker.Extensions.Swashbuckle", "AzureFunctions.Worker.Extensions.Swashbuckle\AzureFunctions.Worker.Extensions.Swashbuckle.csproj", "{4C721300-6E72-4B05-B01A-00E86F8BB5D1}"
EndProject
Project("{FAE04EC0-301F-11D3-BF4B-00C04F79EFBC}") = "AzureFunctions.Worker.Extensions.Caching.AzureTable", "AzureFunctions.Worker.Extensions.Caching.AzureTable\AzureFunctions.Worker.Extensions.Caching.AzureTable.csproj", "{E47EED3B-6965-42F4-AC7F-B39A1F8F7531}"
EndProject
Project("{FAE04EC0-301F-11D3-BF4B-00C04F79EFBC}") = "AzureFunctions.Worker.Extensions.DurableTask", "AzureFunctions.Worker.Extensions.DurableTask\AzureFunctions.Worker.Extensions.DurableTask.csproj", "{1145901B-F4ED-4C75-ADA1-E9AA15C313FB}"
EndProject
Global
	GlobalSection(SolutionConfigurationPlatforms) = preSolution
		Debug|Any CPU = Debug|Any CPU
		Release|Any CPU = Release|Any CPU
	EndGlobalSection
	GlobalSection(ProjectConfigurationPlatforms) = postSolution
		{705661E6-FD5F-4FCE-B958-1A1C0FBDA997}.Debug|Any CPU.ActiveCfg = Debug|Any CPU
		{705661E6-FD5F-4FCE-B958-1A1C0FBDA997}.Debug|Any CPU.Build.0 = Debug|Any CPU
		{705661E6-FD5F-4FCE-B958-1A1C0FBDA997}.Release|Any CPU.ActiveCfg = Release|Any CPU
		{705661E6-FD5F-4FCE-B958-1A1C0FBDA997}.Release|Any CPU.Build.0 = Release|Any CPU
		{4C1567DE-C2D8-48B4-9FED-54182437B821}.Debug|Any CPU.ActiveCfg = Debug|Any CPU
		{4C1567DE-C2D8-48B4-9FED-54182437B821}.Debug|Any CPU.Build.0 = Debug|Any CPU
		{4C1567DE-C2D8-48B4-9FED-54182437B821}.Release|Any CPU.ActiveCfg = Release|Any CPU
		{4C1567DE-C2D8-48B4-9FED-54182437B821}.Release|Any CPU.Build.0 = Release|Any CPU
		{C64DB707-04C4-46F1-898D-D0B28B15A239}.Debug|Any CPU.ActiveCfg = Debug|Any CPU
		{C64DB707-04C4-46F1-898D-D0B28B15A239}.Debug|Any CPU.Build.0 = Debug|Any CPU
		{C64DB707-04C4-46F1-898D-D0B28B15A239}.Release|Any CPU.ActiveCfg = Release|Any CPU
		{C64DB707-04C4-46F1-898D-D0B28B15A239}.Release|Any CPU.Build.0 = Release|Any CPU
		{4C721300-6E72-4B05-B01A-00E86F8BB5D1}.Debug|Any CPU.ActiveCfg = Debug|Any CPU
		{4C721300-6E72-4B05-B01A-00E86F8BB5D1}.Debug|Any CPU.Build.0 = Debug|Any CPU
		{4C721300-6E72-4B05-B01A-00E86F8BB5D1}.Release|Any CPU.ActiveCfg = Release|Any CPU
		{4C721300-6E72-4B05-B01A-00E86F8BB5D1}.Release|Any CPU.Build.0 = Release|Any CPU
		{E47EED3B-6965-42F4-AC7F-B39A1F8F7531}.Debug|Any CPU.ActiveCfg = Debug|Any CPU
		{E47EED3B-6965-42F4-AC7F-B39A1F8F7531}.Debug|Any CPU.Build.0 = Debug|Any CPU
		{E47EED3B-6965-42F4-AC7F-B39A1F8F7531}.Release|Any CPU.ActiveCfg = Release|Any CPU
		{E47EED3B-6965-42F4-AC7F-B39A1F8F7531}.Release|Any CPU.Build.0 = Release|Any CPU
		{1145901B-F4ED-4C75-ADA1-E9AA15C313FB}.Debug|Any CPU.ActiveCfg = Debug|Any CPU
		{1145901B-F4ED-4C75-ADA1-E9AA15C313FB}.Debug|Any CPU.Build.0 = Debug|Any CPU
		{1145901B-F4ED-4C75-ADA1-E9AA15C313FB}.Release|Any CPU.ActiveCfg = Release|Any CPU
		{1145901B-F4ED-4C75-ADA1-E9AA15C313FB}.Release|Any CPU.Build.0 = Release|Any CPU
	EndGlobalSection
	GlobalSection(SolutionProperties) = preSolution
		HideSolutionNode = FALSE
	EndGlobalSection
	GlobalSection(ExtensibilityGlobals) = postSolution
		SolutionGuid = {0407B193-BE99-471A-A822-953F5EAA55E8}
	EndGlobalSection
EndGlobal
